// !$*UTF8*$!
{
	archiveVersion = 1;
	classes = {
	};
	objectVersion = 46;
	objects = {

/* Begin PBXBuildFile section */
		186B56CA1D221C1B005B1876 /* main.m in Sources */ = {isa = PBXBuildFile; fileRef = 186B56C91D221C1B005B1876 /* main.m */; };
		186B56CD1D221C1B005B1876 /* AppDelegate.m in Sources */ = {isa = PBXBuildFile; fileRef = 186B56CC1D221C1B005B1876 /* AppDelegate.m */; };
		186B56D01D221C1B005B1876 /* FirstViewController.m in Sources */ = {isa = PBXBuildFile; fileRef = 186B56CF1D221C1B005B1876 /* FirstViewController.m */; };
		186B56D31D221C1B005B1876 /* SecondViewController.m in Sources */ = {isa = PBXBuildFile; fileRef = 186B56D21D221C1B005B1876 /* SecondViewController.m */; };
		186B56D61D221C1B005B1876 /* Main.storyboard in Resources */ = {isa = PBXBuildFile; fileRef = 186B56D41D221C1B005B1876 /* Main.storyboard */; };
		186B56D81D221C1B005B1876 /* Assets.xcassets in Resources */ = {isa = PBXBuildFile; fileRef = 186B56D71D221C1B005B1876 /* Assets.xcassets */; };
		186B56DB1D221C1B005B1876 /* LaunchScreen.storyboard in Resources */ = {isa = PBXBuildFile; fileRef = 186B56D91D221C1B005B1876 /* LaunchScreen.storyboard */; };
		186B56E61D221C1B005B1876 /* SwitchLanguageTests.m in Sources */ = {isa = PBXBuildFile; fileRef = 186B56E51D221C1B005B1876 /* SwitchLanguageTests.m */; };
		186B56F11D221C1B005B1876 /* SwitchLanguageUITests.m in Sources */ = {isa = PBXBuildFile; fileRef = 186B56F01D221C1B005B1876 /* SwitchLanguageUITests.m */; };
/* End PBXBuildFile section */

/* Begin PBXContainerItemProxy section */
		186B56E21D221C1B005B1876 /* PBXContainerItemProxy */ = {
			isa = PBXContainerItemProxy;
			containerPortal = 186B56BD1D221C1A005B1876 /* Project object */;
			proxyType = 1;
			remoteGlobalIDString = 186B56C41D221C1A005B1876;
			remoteInfo = SwitchLanguage;
		};
		186B56ED1D221C1B005B1876 /* PBXContainerItemProxy */ = {
			isa = PBXContainerItemProxy;
			containerPortal = 186B56BD1D221C1A005B1876 /* Project object */;
			proxyType = 1;
			remoteGlobalIDString = 186B56C41D221C1A005B1876;
			remoteInfo = SwitchLanguage;
		};
/* End PBXContainerItemProxy section */

/* Begin PBXFileReference section */
		186B56C51D221C1B005B1876 /* SwitchLanguage.app */ = {isa = PBXFileReference; explicitFileType = wrapper.application; includeInIndex = 0; path = SwitchLanguage.app; sourceTree = BUILT_PRODUCTS_DIR; };
		186B56C91D221C1B005B1876 /* main.m */ = {isa = PBXFileReference; lastKnownFileType = sourcecode.c.objc; path = main.m; sourceTree = "<group>"; };
		186B56CB1D221C1B005B1876 /* AppDelegate.h */ = {isa = PBXFileReference; lastKnownFileType = sourcecode.c.h; path = AppDelegate.h; sourceTree = "<group>"; };
		186B56CC1D221C1B005B1876 /* AppDelegate.m */ = {isa = PBXFileReference; lastKnownFileType = sourcecode.c.objc; path = AppDelegate.m; sourceTree = "<group>"; };
		186B56CE1D221C1B005B1876 /* FirstViewController.h */ = {isa = PBXFileReference; lastKnownFileType = sourcecode.c.h; path = FirstViewController.h; sourceTree = "<group>"; };
		186B56CF1D221C1B005B1876 /* FirstViewController.m */ = {isa = PBXFileReference; lastKnownFileType = sourcecode.c.objc; path = FirstViewController.m; sourceTree = "<group>"; };
		186B56D11D221C1B005B1876 /* SecondViewController.h */ = {isa = PBXFileReference; lastKnownFileType = sourcecode.c.h; path = SecondViewController.h; sourceTree = "<group>"; };
		186B56D21D221C1B005B1876 /* SecondViewController.m */ = {isa = PBXFileReference; lastKnownFileType = sourcecode.c.objc; path = SecondViewController.m; sourceTree = "<group>"; };
		186B56D51D221C1B005B1876 /* Base */ = {isa = PBXFileReference; lastKnownFileType = file.storyboard; name = Base; path = Base.lproj/Main.storyboard; sourceTree = "<group>"; };
		186B56D71D221C1B005B1876 /* Assets.xcassets */ = {isa = PBXFileReference; lastKnownFileType = folder.assetcatalog; path = Assets.xcassets; sourceTree = "<group>"; };
		186B56DA1D221C1B005B1876 /* Base */ = {isa = PBXFileReference; lastKnownFileType = file.storyboard; name = Base; path = Base.lproj/LaunchScreen.storyboard; sourceTree = "<group>"; };
		186B56DC1D221C1B005B1876 /* Info.plist */ = {isa = PBXFileReference; lastKnownFileType = text.plist.xml; path = Info.plist; sourceTree = "<group>"; };
		186B56E11D221C1B005B1876 /* SwitchLanguageTests.xctest */ = {isa = PBXFileReference; explicitFileType = wrapper.cfbundle; includeInIndex = 0; path = SwitchLanguageTests.xctest; sourceTree = BUILT_PRODUCTS_DIR; };
		186B56E51D221C1B005B1876 /* SwitchLanguageTests.m */ = {isa = PBXFileReference; lastKnownFileType = sourcecode.c.objc; path = SwitchLanguageTests.m; sourceTree = "<group>"; };
		186B56E71D221C1B005B1876 /* Info.plist */ = {isa = PBXFileReference; lastKnownFileType = text.plist.xml; path = Info.plist; sourceTree = "<group>"; };
		186B56EC1D221C1B005B1876 /* SwitchLanguageUITests.xctest */ = {isa = PBXFileReference; explicitFileType = wrapper.cfbundle; includeInIndex = 0; path = SwitchLanguageUITests.xctest; sourceTree = BUILT_PRODUCTS_DIR; };
		186B56F01D221C1B005B1876 /* SwitchLanguageUITests.m */ = {isa = PBXFileReference; lastKnownFileType = sourcecode.c.objc; path = SwitchLanguageUITests.m; sourceTree = "<group>"; };
		186B56F21D221C1B005B1876 /* Info.plist */ = {isa = PBXFileReference; lastKnownFileType = text.plist.xml; path = Info.plist; sourceTree = "<group>"; };
/* End PBXFileReference section */

/* Begin PBXFrameworksBuildPhase section */
		186B56C21D221C1A005B1876 /* Frameworks */ = {
			isa = PBXFrameworksBuildPhase;
			buildActionMask = 2147483647;
			files = (
			);
			runOnlyForDeploymentPostprocessing = 0;
		};
		186B56DE1D221C1B005B1876 /* Frameworks */ = {
			isa = PBXFrameworksBuildPhase;
			buildActionMask = 2147483647;
			files = (
			);
			runOnlyForDeploymentPostprocessing = 0;
		};
		186B56E91D221C1B005B1876 /* Frameworks */ = {
			isa = PBXFrameworksBuildPhase;
			buildActionMask = 2147483647;
			files = (
			);
			runOnlyForDeploymentPostprocessing = 0;
		};
/* End PBXFrameworksBuildPhase section */

/* Begin PBXGroup section */
		186B56BC1D221C1A005B1876 = {
			isa = PBXGroup;
			children = (
				186B56C71D221C1B005B1876 /* SwitchLanguage */,
				186B56E41D221C1B005B1876 /* SwitchLanguageTests */,
				186B56EF1D221C1B005B1876 /* SwitchLanguageUITests */,
				186B56C61D221C1B005B1876 /* Products */,
			);
			sourceTree = "<group>";
		};
		186B56C61D221C1B005B1876 /* Products */ = {
			isa = PBXGroup;
			children = (
				186B56C51D221C1B005B1876 /* SwitchLanguage.app */,
				186B56E11D221C1B005B1876 /* SwitchLanguageTests.xctest */,
				186B56EC1D221C1B005B1876 /* SwitchLanguageUITests.xctest */,
			);
			name = Products;
			sourceTree = "<group>";
		};
		186B56C71D221C1B005B1876 /* SwitchLanguage */ = {
			isa = PBXGroup;
			children = (
				186B56CB1D221C1B005B1876 /* AppDelegate.h */,
				186B56CC1D221C1B005B1876 /* AppDelegate.m */,
				186B56CE1D221C1B005B1876 /* FirstViewController.h */,
				186B56CF1D221C1B005B1876 /* FirstViewController.m */,
				186B56D11D221C1B005B1876 /* SecondViewController.h */,
				186B56D21D221C1B005B1876 /* SecondViewController.m */,
				186B56D41D221C1B005B1876 /* Main.storyboard */,
				186B56D71D221C1B005B1876 /* Assets.xcassets */,
				186B56D91D221C1B005B1876 /* LaunchScreen.storyboard */,
				186B56DC1D221C1B005B1876 /* Info.plist */,
				186B56C81D221C1B005B1876 /* Supporting Files */,
			);
			path = SwitchLanguage;
			sourceTree = "<group>";
		};
		186B56C81D221C1B005B1876 /* Supporting Files */ = {
			isa = PBXGroup;
			children = (
				186B56C91D221C1B005B1876 /* main.m */,
			);
			name = "Supporting Files";
			sourceTree = "<group>";
		};
		186B56E41D221C1B005B1876 /* SwitchLanguageTests */ = {
			isa = PBXGroup;
			children = (
				186B56E51D221C1B005B1876 /* SwitchLanguageTests.m */,
				186B56E71D221C1B005B1876 /* Info.plist */,
			);
			path = SwitchLanguageTests;
			sourceTree = "<group>";
		};
		186B56EF1D221C1B005B1876 /* SwitchLanguageUITests */ = {
			isa = PBXGroup;
			children = (
				186B56F01D221C1B005B1876 /* SwitchLanguageUITests.m */,
				186B56F21D221C1B005B1876 /* Info.plist */,
			);
			path = SwitchLanguageUITests;
			sourceTree = "<group>";
		};
/* End PBXGroup section */

/* Begin PBXNativeTarget section */
		186B56C41D221C1A005B1876 /* SwitchLanguage */ = {
			isa = PBXNativeTarget;
			buildConfigurationList = 186B56F51D221C1B005B1876 /* Build configuration list for PBXNativeTarget "SwitchLanguage" */;
			buildPhases = (
				186B56C11D221C1A005B1876 /* Sources */,
				186B56C21D221C1A005B1876 /* Frameworks */,
				186B56C31D221C1A005B1876 /* Resources */,
			);
			buildRules = (
			);
			dependencies = (
			);
			name = SwitchLanguage;
			productName = SwitchLanguage;
			productReference = 186B56C51D221C1B005B1876 /* SwitchLanguage.app */;
			productType = "com.apple.product-type.application";
		};
		186B56E01D221C1B005B1876 /* SwitchLanguageTests */ = {
			isa = PBXNativeTarget;
			buildConfigurationList = 186B56F81D221C1B005B1876 /* Build configuration list for PBXNativeTarget "SwitchLanguageTests" */;
			buildPhases = (
				186B56DD1D221C1B005B1876 /* Sources */,
				186B56DE1D221C1B005B1876 /* Frameworks */,
				186B56DF1D221C1B005B1876 /* Resources */,
			);
			buildRules = (
			);
			dependencies = (
				186B56E31D221C1B005B1876 /* PBXTargetDependency */,
			);
			name = SwitchLanguageTests;
			productName = SwitchLanguageTests;
			productReference = 186B56E11D221C1B005B1876 /* SwitchLanguageTests.xctest */;
			productType = "com.apple.product-type.bundle.unit-test";
		};
		186B56EB1D221C1B005B1876 /* SwitchLanguageUITests */ = {
			isa = PBXNativeTarget;
			buildConfigurationList = 186B56FB1D221C1B005B1876 /* Build configuration list for PBXNativeTarget "SwitchLanguageUITests" */;
			buildPhases = (
				186B56E81D221C1B005B1876 /* Sources */,
				186B56E91D221C1B005B1876 /* Frameworks */,
				186B56EA1D221C1B005B1876 /* Resources */,
			);
			buildRules = (
			);
			dependencies = (
				186B56EE1D221C1B005B1876 /* PBXTargetDependency */,
			);
			name = SwitchLanguageUITests;
			productName = SwitchLanguageUITests;
			productReference = 186B56EC1D221C1B005B1876 /* SwitchLanguageUITests.xctest */;
			productType = "com.apple.product-type.bundle.ui-testing";
		};
/* End PBXNativeTarget section */

/* Begin PBXProject section */
		186B56BD1D221C1A005B1876 /* Project object */ = {
			isa = PBXProject;
			attributes = {
				LastUpgradeCheck = 0730;
				ORGANIZATIONNAME = "New Idea";
				TargetAttributes = {
					186B56C41D221C1A005B1876 = {
						CreatedOnToolsVersion = 7.3.1;
					};
					186B56E01D221C1B005B1876 = {
						CreatedOnToolsVersion = 7.3.1;
						TestTargetID = 186B56C41D221C1A005B1876;
					};
					186B56EB1D221C1B005B1876 = {
						CreatedOnToolsVersion = 7.3.1;
						TestTargetID = 186B56C41D221C1A005B1876;
					};
				};
			};
			buildConfigurationList = 186B56C01D221C1A005B1876 /* Build configuration list for PBXProject "SwitchLanguage" */;
			compatibilityVersion = "Xcode 3.2";
			developmentRegion = English;
			hasScannedForEncodings = 0;
			knownRegions = (
				en,
				Base,
			);
			mainGroup = 186B56BC1D221C1A005B1876;
			productRefGroup = 186B56C61D221C1B005B1876 /* Products */;
			projectDirPath = "";
			projectRoot = "";
			targets = (
				186B56C41D221C1A005B1876 /* SwitchLanguage */,
				186B56E01D221C1B005B1876 /* SwitchLanguageTests */,
				186B56EB1D221C1B005B1876 /* SwitchLanguageUITests */,
			);
		};
/* End PBXProject section */

/* Begin PBXResourcesBuildPhase section */
		186B56C31D221C1A005B1876 /* Resources */ = {
			isa = PBXResourcesBuildPhase;
			buildActionMask = 2147483647;
			files = (
				186B56DB1D221C1B005B1876 /* LaunchScreen.storyboard in Resources */,
				186B56D81D221C1B005B1876 /* Assets.xcassets in Resources */,
				186B56D61D221C1B005B1876 /* Main.storyboard in Resources */,
			);
			runOnlyForDeploymentPostprocessing = 0;
		};
		186B56DF1D221C1B005B1876 /* Resources */ = {
			isa = PBXResourcesBuildPhase;
			buildActionMask = 2147483647;
			files = (
			);
			runOnlyForDeploymentPostprocessing = 0;
		};
		186B56EA1D221C1B005B1876 /* Resources */ = {
			isa = PBXResourcesBuildPhase;
			buildActionMask = 2147483647;
			files = (
			);
			runOnlyForDeploymentPostprocessing = 0;
		};
/* End PBXResourcesBuildPhase section */

/* Begin PBXSourcesBuildPhase section */
		186B56C11D221C1A005B1876 /* Sources */ = {
			isa = PBXSourcesBuildPhase;
			buildActionMask = 2147483647;
			files = (
				186B56D31D221C1B005B1876 /* SecondViewController.m in Sources */,
				186B56CD1D221C1B005B1876 /* AppDelegate.m in Sources */,
				186B56D01D221C1B005B1876 /* FirstViewController.m in Sources */,
				186B56CA1D221C1B005B1876 /* main.m in Sources */,
			);
			runOnlyForDeploymentPostprocessing = 0;
		};
		186B56DD1D221C1B005B1876 /* Sources */ = {
			isa = PBXSourcesBuildPhase;
			buildActionMask = 2147483647;
			files = (
				186B56E61D221C1B005B1876 /* SwitchLanguageTests.m in Sources */,
			);
			runOnlyForDeploymentPostprocessing = 0;
		};
		186B56E81D221C1B005B1876 /* Sources */ = {
			isa = PBXSourcesBuildPhase;
			buildActionMask = 2147483647;
			files = (
				186B56F11D221C1B005B1876 /* SwitchLanguageUITests.m in Sources */,
			);
			runOnlyForDeploymentPostprocessing = 0;
		};
/* End PBXSourcesBuildPhase section */

/* Begin PBXTargetDependency section */
		186B56E31D221C1B005B1876 /* PBXTargetDependency */ = {
			isa = PBXTargetDependency;
			target = 186B56C41D221C1A005B1876 /* SwitchLanguage */;
			targetProxy = 186B56E21D221C1B005B1876 /* PBXContainerItemProxy */;
		};
		186B56EE1D221C1B005B1876 /* PBXTargetDependency */ = {
			isa = PBXTargetDependency;
			target = 186B56C41D221C1A005B1876 /* SwitchLanguage */;
			targetProxy = 186B56ED1D221C1B005B1876 /* PBXContainerItemProxy */;
		};
/* End PBXTargetDependency section */

/* Begin PBXVariantGroup section */
		186B56D41D221C1B005B1876 /* Main.storyboard */ = {
			isa = PBXVariantGroup;
			children = (
				186B56D51D221C1B005B1876 /* Base */,
			);
			name = Main.storyboard;
			sourceTree = "<group>";
		};
		186B56D91D221C1B005B1876 /* LaunchScreen.storyboard */ = {
			isa = PBXVariantGroup;
			children = (
				186B56DA1D221C1B005B1876 /* Base */,
			);
			name = LaunchScreen.storyboard;
			sourceTree = "<group>";
		};
/* End PBXVariantGroup section */

/* Begin XCBuildConfiguration section */
		186B56F31D221C1B005B1876 /* Debug */ = {
			isa = XCBuildConfiguration;
			buildSettings = {
				ALWAYS_SEARCH_USER_PATHS = NO;
				CLANG_ANALYZER_NONNULL = YES;
				CLANG_CXX_LANGUAGE_STANDARD = "gnu++0x";
				CLANG_CXX_LIBRARY = "libc++";
				CLANG_ENABLE_MODULES = YES;
				CLANG_ENABLE_OBJC_ARC = YES;
				CLANG_WARN_BOOL_CONVERSION = YES;
				CLANG_WARN_CONSTANT_CONVERSION = YES;
				CLANG_WARN_DIRECT_OBJC_ISA_USAGE = YES_ERROR;
				CLANG_WARN_EMPTY_BODY = YES;
				CLANG_WARN_ENUM_CONVERSION = YES;
				CLANG_WARN_INT_CONVERSION = YES;
				CLANG_WARN_OBJC_ROOT_CLASS = YES_ERROR;
				CLANG_WARN_UNREACHABLE_CODE = YES;
				CLANG_WARN__DUPLICATE_METHOD_MATCH = YES;
				"CODE_SIGN_IDENTITY[sdk=iphoneos*]" = "iPhone Developer";
				COPY_PHASE_STRIP = NO;
				DEBUG_INFORMATION_FORMAT = dwarf;
				ENABLE_STRICT_OBJC_MSGSEND = YES;
				ENABLE_TESTABILITY = YES;
				GCC_C_LANGUAGE_STANDARD = gnu99;
				GCC_DYNAMIC_NO_PIC = NO;
				GCC_NO_COMMON_BLOCKS = YES;
				GCC_OPTIMIZATION_LEVEL = 0;
				GCC_PREPROCESSOR_DEFINITIONS = (
					"DEBUG=1",
					"$(inherited)",
				);
				GCC_WARN_64_TO_32_BIT_CONVERSION = YES;
				GCC_WARN_ABOUT_RETURN_TYPE = YES_ERROR;
				GCC_WARN_UNDECLARED_SELECTOR = YES;
				GCC_WARN_UNINITIALIZED_AUTOS = YES_AGGRESSIVE;
				GCC_WARN_UNUSED_FUNCTION = YES;
				GCC_WARN_UNUSED_VARIABLE = YES;
				IPHONEOS_DEPLOYMENT_TARGET = 9.3;
				MTL_ENABLE_DEBUG_INFO = YES;
				ONLY_ACTIVE_ARCH = YES;
				SDKROOT = iphoneos;
			};
			name = Debug;
		};
		186B56F41D221C1B005B1876 /* Release */ = {
			isa = XCBuildConfiguration;
			buildSettings = {
				ALWAYS_SEARCH_USER_PATHS = NO;
				CLANG_ANALYZER_NONNULL = YES;
				CLANG_CXX_LANGUAGE_STANDARD = "gnu++0x";
				CLANG_CXX_LIBRARY = "libc++";
				CLANG_ENABLE_MODULES = YES;
				CLANG_ENABLE_OBJC_ARC = YES;
				CLANG_WARN_BOOL_CONVERSION = YES;
				CLANG_WARN_CONSTANT_CONVERSION = YES;
				CLANG_WARN_DIRECT_OBJC_ISA_USAGE = YES_ERROR;
				CLANG_WARN_EMPTY_BODY = YES;
				CLANG_WARN_ENUM_CONVERSION = YES;
				CLANG_WARN_INT_CONVERSION = YES;
				CLANG_WARN_OBJC_ROOT_CLASS = YES_ERROR;
				CLANG_WARN_UNREACHABLE_CODE = YES;
				CLANG_WARN__DUPLICATE_METHOD_MATCH = YES;
				"CODE_SIGN_IDENTITY[sdk=iphoneos*]" = "iPhone Developer";
				COPY_PHASE_STRIP = NO;
				DEBUG_INFORMATION_FORMAT = "dwarf-with-dsym";
				ENABLE_NS_ASSERTIONS = NO;
				ENABLE_STRICT_OBJC_MSGSEND = YES;
				GCC_C_LANGUAGE_STANDARD = gnu99;
				GCC_NO_COMMON_BLOCKS = YES;
				GCC_WARN_64_TO_32_BIT_CONVERSION = YES;
				GCC_WARN_ABOUT_RETURN_TYPE = YES_ERROR;
				GCC_WARN_UNDECLARED_SELECTOR = YES;
				GCC_WARN_UNINITIALIZED_AUTOS = YES_AGGRESSIVE;
				GCC_WARN_UNUSED_FUNCTION = YES;
				GCC_WARN_UNUSED_VARIABLE = YES;
				IPHONEOS_DEPLOYMENT_TARGET = 9.3;
				MTL_ENABLE_DEBUG_INFO = NO;
				SDKROOT = iphoneos;
				VALIDATE_PRODUCT = YES;
			};
			name = Release;
		};
		186B56F61D221C1B005B1876 /* Debug */ = {
			isa = XCBuildConfiguration;
			buildSettings = {
				ASSETCATALOG_COMPILER_APPICON_NAME = AppIcon;
				INFOPLIST_FILE = SwitchLanguage/Info.plist;
				LD_RUNPATH_SEARCH_PATHS = "$(inherited) @executable_path/Frameworks";
				PRODUCT_BUNDLE_IDENTIFIER = com.ideal.SwitchLanguage;
				PRODUCT_NAME = "$(TARGET_NAME)";
			};
			name = Debug;
		};
		186B56F71D221C1B005B1876 /* Release */ = {
			isa = XCBuildConfiguration;
			buildSettings = {
				ASSETCATALOG_COMPILER_APPICON_NAME = AppIcon;
				INFOPLIST_FILE = SwitchLanguage/Info.plist;
				LD_RUNPATH_SEARCH_PATHS = "$(inherited) @executable_path/Frameworks";
				PRODUCT_BUNDLE_IDENTIFIER = com.ideal.SwitchLanguage;
				PRODUCT_NAME = "$(TARGET_NAME)";
			};
			name = Release;
		};
		186B56F91D221C1B005B1876 /* Debug */ = {
			isa = XCBuildConfiguration;
			buildSettings = {
				BUNDLE_LOADER = "$(TEST_HOST)";
				INFOPLIST_FILE = SwitchLanguageTests/Info.plist;
				LD_RUNPATH_SEARCH_PATHS = "$(inherited) @executable_path/Frameworks @loader_path/Frameworks";
				PRODUCT_BUNDLE_IDENTIFIER = com.ideal.SwitchLanguageTests;
				PRODUCT_NAME = "$(TARGET_NAME)";
				TEST_HOST = "$(BUILT_PRODUCTS_DIR)/SwitchLanguage.app/SwitchLanguage";
			};
			name = Debug;
		};
		186B56FA1D221C1B005B1876 /* Release */ = {
			isa = XCBuildConfiguration;
			buildSettings = {
				BUNDLE_LOADER = "$(TEST_HOST)";
				INFOPLIST_FILE = SwitchLanguageTests/Info.plist;
				LD_RUNPATH_SEARCH_PATHS = "$(inherited) @executable_path/Frameworks @loader_path/Frameworks";
				PRODUCT_BUNDLE_IDENTIFIER = com.ideal.SwitchLanguageTests;
				PRODUCT_NAME = "$(TARGET_NAME)";
				TEST_HOST = "$(BUILT_PRODUCTS_DIR)/SwitchLanguage.app/SwitchLanguage";
			};
			name = Release;
		};
		186B56FC1D221C1B005B1876 /* Debug */ = {
			isa = XCBuildConfiguration;
			buildSettings = {
				INFOPLIST_FILE = SwitchLanguageUITests/Info.plist;
				LD_RUNPATH_SEARCH_PATHS = "$(inherited) @executable_path/Frameworks @loader_path/Frameworks";
				PRODUCT_BUNDLE_IDENTIFIER = com.ideal.SwitchLanguageUITests;
				PRODUCT_NAME = "$(TARGET_NAME)";
				TEST_TARGET_NAME = SwitchLanguage;
			};
			name = Debug;
		};
		186B56FD1D221C1B005B1876 /* Release */ = {
			isa = XCBuildConfiguration;
			buildSettings = {
				INFOPLIST_FILE = SwitchLanguageUITests/Info.plist;
				LD_RUNPATH_SEARCH_PATHS = "$(inherited) @executable_path/Frameworks @loader_path/Frameworks";
				PRODUCT_BUNDLE_IDENTIFIER = com.ideal.SwitchLanguageUITests;
				PRODUCT_NAME = "$(TARGET_NAME)";
				TEST_TARGET_NAME = SwitchLanguage;
			};
			name = Release;
		};
/* End XCBuildConfiguration section */

/* Begin XCConfigurationList section */
		186B56C01D221C1A005B1876 /* Build configuration list for PBXProject "SwitchLanguage" */ = {
			isa = XCConfigurationList;
			buildConfigurations = (
				186B56F31D221C1B005B1876 /* Debug */,
				186B56F41D221C1B005B1876 /* Release */,
			);
			defaultConfigurationIsVisible = 0;
			defaultConfigurationName = Release;
		};
		186B56F51D221C1B005B1876 /* Build configuration list for PBXNativeTarget "SwitchLanguage" */ = {
			isa = XCConfigurationList;
			buildConfigurations = (
				186B56F61D221C1B005B1876 /* Debug */,
				186B56F71D221C1B005B1876 /* Release */,
			);
			defaultConfigurationIsVisible = 0;
		};
		186B56F81D221C1B005B1876 /* Build configuration list for PBXNativeTarget "SwitchLanguageTests" */ = {
			isa = XCConfigurationList;
			buildConfigurations = (
				186B56F91D221C1B005B1876 /* Debug */,
				186B56FA1D221C1B005B1876 /* Release */,
			);
			defaultConfigurationIsVisible = 0;
		};
		186B56FB1D221C1B005B1876 /* Build configuration list for PBXNativeTarget "SwitchLanguageUITests" */ = {
			isa = XCConfigurationList;
			buildConfigurations = (
				186B56FC1D221C1B005B1876 /* Debug */,
				186B56FD1D221C1B005B1876 /* Release */,
			);
			defaultConfigurationIsVisible = 0;
		};
/* End XCConfigurationList section */
	};
	rootObject = 186B56BD1D221C1A005B1876 /* Project object */;
}
